{
  "name": "pyapi",
  "version": "1.0.0",
  "lockfileVersion": 3,
  "requires": true,
  "packages": {
    "": {
      "name": "pyapi",
      "version": "1.0.0",
      "license": "ISC",
      "devDependencies": {
        "@openiap/proto": "github:openiap/proto"
      }
    },
    "node_modules/@openiap/proto": {
      "version": "1.0.0",
      "resolved": "git+ssh://git@github.com/openiap/proto.git#d8864957c8c2c89f00b9bece11d1c42d1982ada9",
      "dev": true,
      "hasInstallScript": true,
      "license": "ISC"
    }
  }
}
